// !$*UTF8*$!
{
	archiveVersion = 1;
	classes = {
	};
	objectVersion = 56;
	objects = {

/* Begin PBXBuildFile section */
		3A146E082B962DC400DD0EC2 /* AppDelegate.swift in Sources */ = {isa = PBXBuildFile; fileRef = 3A146E072B962DC400DD0EC2 /* AppDelegate.swift */; };
		3A146E0A2B962DC400DD0EC2 /* SceneDelegate.swift in Sources */ = {isa = PBXBuildFile; fileRef = 3A146E092B962DC400DD0EC2 /* SceneDelegate.swift */; };
		3A146E0C2B962DC400DD0EC2 /* ViewController.swift in Sources */ = {isa = PBXBuildFile; fileRef = 3A146E0B2B962DC400DD0EC2 /* ViewController.swift */; };
		3A146E0F2B962DC400DD0EC2 /* Main.storyboard in Resources */ = {isa = PBXBuildFile; fileRef = 3A146E0D2B962DC400DD0EC2 /* Main.storyboard */; };
		3A146E112B962DC500DD0EC2 /* Assets.xcassets in Resources */ = {isa = PBXBuildFile; fileRef = 3A146E102B962DC500DD0EC2 /* Assets.xcassets */; };
		3A146E142B962DC500DD0EC2 /* LaunchScreen.storyboard in Resources */ = {isa = PBXBuildFile; fileRef = 3A146E122B962DC500DD0EC2 /* LaunchScreen.storyboard */; };
		3A18923B2B977D2A001573BF /* FeedViewController.swift in Sources */ = {isa = PBXBuildFile; fileRef = 3A18923A2B977D2A001573BF /* FeedViewController.swift */; };
		3A18923D2B977D3B001573BF /* UploadViewController.swift in Sources */ = {isa = PBXBuildFile; fileRef = 3A18923C2B977D3B001573BF /* UploadViewController.swift */; };
		3A18923F2B977D4A001573BF /* SettingsViewController.swift in Sources */ = {isa = PBXBuildFile; fileRef = 3A18923E2B977D4A001573BF /* SettingsViewController.swift */; };
		3A59D6EA2B9758BD006A1273 /* GoogleService-Info.plist in Resources */ = {isa = PBXBuildFile; fileRef = 3A59D6E92B9758BD006A1273 /* GoogleService-Info.plist */; };
		6E95A25CCAF90664487D8575 /* Pods_InstagramClone_Firebase.framework in Frameworks */ = {isa = PBXBuildFile; fileRef = B60E1575D45296F3F29B66B5 /* Pods_InstagramClone_Firebase.framework */; };
/* End PBXBuildFile section */

/* Begin PBXFileReference section */
		3A146E042B962DC400DD0EC2 /* InstagramClone-Firebase.app */ = {isa = PBXFileReference; explicitFileType = wrapper.application; includeInIndex = 0; path = "InstagramClone-Firebase.app"; sourceTree = BUILT_PRODUCTS_DIR; };
		3A146E072B962DC400DD0EC2 /* AppDelegate.swift */ = {isa = PBXFileReference; lastKnownFileType = sourcecode.swift; path = AppDelegate.swift; sourceTree = "<group>"; };
		3A146E092B962DC400DD0EC2 /* SceneDelegate.swift */ = {isa = PBXFileReference; lastKnownFileType = sourcecode.swift; path = SceneDelegate.swift; sourceTree = "<group>"; };
		3A146E0B2B962DC400DD0EC2 /* ViewController.swift */ = {isa = PBXFileReference; lastKnownFileType = sourcecode.swift; path = ViewController.swift; sourceTree = "<group>"; };
		3A146E0E2B962DC400DD0EC2 /* Base */ = {isa = PBXFileReference; lastKnownFileType = file.storyboard; name = Base; path = Base.lproj/Main.storyboard; sourceTree = "<group>"; };
		3A146E102B962DC500DD0EC2 /* Assets.xcassets */ = {isa = PBXFileReference; lastKnownFileType = folder.assetcatalog; path = Assets.xcassets; sourceTree = "<group>"; };
		3A146E132B962DC500DD0EC2 /* Base */ = {isa = PBXFileReference; lastKnownFileType = file.storyboard; name = Base; path = Base.lproj/LaunchScreen.storyboard; sourceTree = "<group>"; };
		3A146E152B962DC500DD0EC2 /* Info.plist */ = {isa = PBXFileReference; lastKnownFileType = text.plist.xml; path = Info.plist; sourceTree = "<group>"; };
		3A18923A2B977D2A001573BF /* FeedViewController.swift */ = {isa = PBXFileReference; lastKnownFileType = sourcecode.swift; path = FeedViewController.swift; sourceTree = "<group>"; };
		3A18923C2B977D3B001573BF /* UploadViewController.swift */ = {isa = PBXFileReference; lastKnownFileType = sourcecode.swift; path = UploadViewController.swift; sourceTree = "<group>"; };
		3A18923E2B977D4A001573BF /* SettingsViewController.swift */ = {isa = PBXFileReference; lastKnownFileType = sourcecode.swift; path = SettingsViewController.swift; sourceTree = "<group>"; };
		3A59D6E92B9758BD006A1273 /* GoogleService-Info.plist */ = {isa = PBXFileReference; fileEncoding = 4; lastKnownFileType = text.plist.xml; path = "GoogleService-Info.plist"; sourceTree = "<group>"; };
		74F3BA86DDC3D6AB845B6FFD /* Pods-InstagramClone-Firebase.debug.xcconfig */ = {isa = PBXFileReference; includeInIndex = 1; lastKnownFileType = text.xcconfig; name = "Pods-InstagramClone-Firebase.debug.xcconfig"; path = "Target Support Files/Pods-InstagramClone-Firebase/Pods-InstagramClone-Firebase.debug.xcconfig"; sourceTree = "<group>"; };
		B60E1575D45296F3F29B66B5 /* Pods_InstagramClone_Firebase.framework */ = {isa = PBXFileReference; explicitFileType = wrapper.framework; includeInIndex = 0; path = Pods_InstagramClone_Firebase.framework; sourceTree = BUILT_PRODUCTS_DIR; };
		CB222545DDFA8F1044A2F326 /* Pods-InstagramClone-Firebase.release.xcconfig */ = {isa = PBXFileReference; includeInIndex = 1; lastKnownFileType = text.xcconfig; name = "Pods-InstagramClone-Firebase.release.xcconfig"; path = "Target Support Files/Pods-InstagramClone-Firebase/Pods-InstagramClone-Firebase.release.xcconfig"; sourceTree = "<group>"; };
/* End PBXFileReference section */

/* Begin PBXFrameworksBuildPhase section */
		3A146E012B962DC400DD0EC2 /* Frameworks */ = {
			isa = PBXFrameworksBuildPhase;
			buildActionMask = 2147483647;
			files = (
				6E95A25CCAF90664487D8575 /* Pods_InstagramClone_Firebase.framework in Frameworks */,
			);
			runOnlyForDeploymentPostprocessing = 0;
		};
/* End PBXFrameworksBuildPhase section */

/* Begin PBXGroup section */
		3A146DFB2B962DC400DD0EC2 = {
			isa = PBXGroup;
			children = (
				3A146E062B962DC400DD0EC2 /* InstagramClone-Firebase */,
				3A146E052B962DC400DD0EC2 /* Products */,
				49671507CD7D2D62B3B640E8 /* Pods */,
				4D4225349A952AB1B3CAB382 /* Frameworks */,
			);
			sourceTree = "<group>";
		};
		3A146E052B962DC400DD0EC2 /* Products */ = {
			isa = PBXGroup;
			children = (
				3A146E042B962DC400DD0EC2 /* InstagramClone-Firebase.app */,
			);
			name = Products;
			sourceTree = "<group>";
		};
		3A146E062B962DC400DD0EC2 /* InstagramClone-Firebase */ = {
			isa = PBXGroup;
			children = (
				3A146E072B962DC400DD0EC2 /* AppDelegate.swift */,
				3A146E092B962DC400DD0EC2 /* SceneDelegate.swift */,
				3A1892402B977D63001573BF /* Controllers */,
				3AED25532B98F150003D7C82 /* View */,
				3A146E102B962DC500DD0EC2 /* Assets.xcassets */,
				3A146E122B962DC500DD0EC2 /* LaunchScreen.storyboard */,
				3A146E152B962DC500DD0EC2 /* Info.plist */,
				3A59D6E92B9758BD006A1273 /* GoogleService-Info.plist */,
			);
			path = "InstagramClone-Firebase";
			sourceTree = "<group>";
		};
		3A1892402B977D63001573BF /* Controllers */ = {
			isa = PBXGroup;
			children = (
				3A146E0B2B962DC400DD0EC2 /* ViewController.swift */,
				3A18923A2B977D2A001573BF /* FeedViewController.swift */,
				3A18923C2B977D3B001573BF /* UploadViewController.swift */,
				3A18923E2B977D4A001573BF /* SettingsViewController.swift */,
			);
			path = Controllers;
			sourceTree = "<group>";
		};
		3AED25532B98F150003D7C82 /* View */ = {
			isa = PBXGroup;
			children = (
				3A146E0D2B962DC400DD0EC2 /* Main.storyboard */,
			);
			path = View;
			sourceTree = "<group>";
		};
		49671507CD7D2D62B3B640E8 /* Pods */ = {
			isa = PBXGroup;
			children = (
				74F3BA86DDC3D6AB845B6FFD /* Pods-InstagramClone-Firebase.debug.xcconfig */,
				CB222545DDFA8F1044A2F326 /* Pods-InstagramClone-Firebase.release.xcconfig */,
			);
			path = Pods;
			sourceTree = "<group>";
		};
		4D4225349A952AB1B3CAB382 /* Frameworks */ = {
			isa = PBXGroup;
			children = (
				B60E1575D45296F3F29B66B5 /* Pods_InstagramClone_Firebase.framework */,
			);
			name = Frameworks;
			sourceTree = "<group>";
		};
/* End PBXGroup section */

/* Begin PBXNativeTarget section */
		3A146E032B962DC400DD0EC2 /* InstagramClone-Firebase */ = {
			isa = PBXNativeTarget;
			buildConfigurationList = 3A146E182B962DC500DD0EC2 /* Build configuration list for PBXNativeTarget "InstagramClone-Firebase" */;
			buildPhases = (
				CCAFDD239DF7E5F12B7C6018 /* [CP] Check Pods Manifest.lock */,
				3A146E002B962DC400DD0EC2 /* Sources */,
				3A146E012B962DC400DD0EC2 /* Frameworks */,
				3A146E022B962DC400DD0EC2 /* Resources */,
				EEA2457C4814F6C4F884B794 /* [CP] Embed Pods Frameworks */,
			);
			buildRules = (
			);
			dependencies = (
			);
			name = "InstagramClone-Firebase";
			productName = "InstagramClone-Firebase";
			productReference = 3A146E042B962DC400DD0EC2 /* InstagramClone-Firebase.app */;
			productType = "com.apple.product-type.application";
		};
/* End PBXNativeTarget section */

/* Begin PBXProject section */
		3A146DFC2B962DC400DD0EC2 /* Project object */ = {
			isa = PBXProject;
			attributes = {
				BuildIndependentTargetsInParallel = 1;
				LastSwiftUpdateCheck = 1520;
				LastUpgradeCheck = 1520;
				TargetAttributes = {
					3A146E032B962DC400DD0EC2 = {
						CreatedOnToolsVersion = 15.2;
					};
				};
			};
			buildConfigurationList = 3A146DFF2B962DC400DD0EC2 /* Build configuration list for PBXProject "InstagramClone-Firebase" */;
			compatibilityVersion = "Xcode 14.0";
			developmentRegion = en;
			hasScannedForEncodings = 0;
			knownRegions = (
				en,
				Base,
			);
			mainGroup = 3A146DFB2B962DC400DD0EC2;
			productRefGroup = 3A146E052B962DC400DD0EC2 /* Products */;
			projectDirPath = "";
			projectRoot = "";
			targets = (
				3A146E032B962DC400DD0EC2 /* InstagramClone-Firebase */,
			);
		};
/* End PBXProject section */

/* Begin PBXResourcesBuildPhase section */
		3A146E022B962DC400DD0EC2 /* Resources */ = {
			isa = PBXResourcesBuildPhase;
			buildActionMask = 2147483647;
			files = (
				3A146E142B962DC500DD0EC2 /* LaunchScreen.storyboard in Resources */,
				3A59D6EA2B9758BD006A1273 /* GoogleService-Info.plist in Resources */,
				3A146E112B962DC500DD0EC2 /* Assets.xcassets in Resources */,
				3A146E0F2B962DC400DD0EC2 /* Main.storyboard in Resources */,
			);
			runOnlyForDeploymentPostprocessing = 0;
		};
/* End PBXResourcesBuildPhase section */

/* Begin PBXShellScriptBuildPhase section */
		CCAFDD239DF7E5F12B7C6018 /* [CP] Check Pods Manifest.lock */ = {
			isa = PBXShellScriptBuildPhase;
			buildActionMask = 2147483647;
			files = (
			);
			inputFileListPaths = (
			);
			inputPaths = (
				"${PODS_PODFILE_DIR_PATH}/Podfile.lock",
				"${PODS_ROOT}/Manifest.lock",
			);
			name = "[CP] Check Pods Manifest.lock";
			outputFileListPaths = (
			);
			outputPaths = (
				"$(DERIVED_FILE_DIR)/Pods-InstagramClone-Firebase-checkManifestLockResult.txt",
			);
			runOnlyForDeploymentPostprocessing = 0;
			shellPath = /bin/sh;
			shellScript = "diff \"${PODS_PODFILE_DIR_PATH}/Podfile.lock\" \"${PODS_ROOT}/Manifest.lock\" > /dev/null\nif [ $? != 0 ] ; then\n    # print error to STDERR\n    echo \"error: The sandbox is not in sync with the Podfile.lock. Run 'pod install' or update your CocoaPods installation.\" >&2\n    exit 1\nfi\n# This output is used by Xcode 'outputs' to avoid re-running this script phase.\necho \"SUCCESS\" > \"${SCRIPT_OUTPUT_FILE_0}\"\n";
			showEnvVarsInLog = 0;
		};
		EEA2457C4814F6C4F884B794 /* [CP] Embed Pods Frameworks */ = {
			isa = PBXShellScriptBuildPhase;
			buildActionMask = 2147483647;
			files = (
			);
			inputFileListPaths = (
				"${PODS_ROOT}/Target Support Files/Pods-InstagramClone-Firebase/Pods-InstagramClone-Firebase-frameworks-${CONFIGURATION}-input-files.xcfilelist",
			);
			name = "[CP] Embed Pods Frameworks";
			outputFileListPaths = (
				"${PODS_ROOT}/Target Support Files/Pods-InstagramClone-Firebase/Pods-InstagramClone-Firebase-frameworks-${CONFIGURATION}-output-files.xcfilelist",
			);
			runOnlyForDeploymentPostprocessing = 0;
			shellPath = /bin/sh;
			shellScript = "\"${PODS_ROOT}/Target Support Files/Pods-InstagramClone-Firebase/Pods-InstagramClone-Firebase-frameworks.sh\"\n";
			showEnvVarsInLog = 0;
		};
/* End PBXShellScriptBuildPhase section */

/* Begin PBXSourcesBuildPhase section */
		3A146E002B962DC400DD0EC2 /* Sources */ = {
			isa = PBXSourcesBuildPhase;
			buildActionMask = 2147483647;
			files = (
				3A146E0C2B962DC400DD0EC2 /* ViewController.swift in Sources */,
				3A18923D2B977D3B001573BF /* UploadViewController.swift in Sources */,
				3A146E082B962DC400DD0EC2 /* AppDelegate.swift in Sources */,
				3A18923B2B977D2A001573BF /* FeedViewController.swift in Sources */,
				3A146E0A2B962DC400DD0EC2 /* SceneDelegate.swift in Sources */,
				3A18923F2B977D4A001573BF /* SettingsViewController.swift in Sources */,
			);
			runOnlyForDeploymentPostprocessing = 0;
		};
/* End PBXSourcesBuildPhase section */

/* Begin PBXVariantGroup section */
		3A146E0D2B962DC400DD0EC2 /* Main.storyboard */ = {
			isa = PBXVariantGroup;
			children = (
				3A146E0E2B962DC400DD0EC2 /* Base */,
			);
			name = Main.storyboard;
			sourceTree = "<group>";
		};
		3A146E122B962DC500DD0EC2 /* LaunchScreen.storyboard */ = {
			isa = PBXVariantGroup;
			children = (
				3A146E132B962DC500DD0EC2 /* Base */,
			);
			name = LaunchScreen.storyboard;
			sourceTree = "<group>";
		};
/* End PBXVariantGroup section */

/* Begin XCBuildConfiguration section */
		3A146E162B962DC500DD0EC2 /* Debug */ = {
			isa = XCBuildConfiguration;
			buildSettings = {
				ALWAYS_SEARCH_USER_PATHS = NO;
				ASSETCATALOG_COMPILER_GENERATE_SWIFT_ASSET_SYMBOL_EXTENSIONS = YES;
				CLANG_ANALYZER_NONNULL = YES;
				CLANG_ANALYZER_NUMBER_OBJECT_CONVERSION = YES_AGGRESSIVE;
				CLANG_CXX_LANGUAGE_STANDARD = "gnu++20";
				CLANG_ENABLE_MODULES = YES;
				CLANG_ENABLE_OBJC_ARC = YES;
				CLANG_ENABLE_OBJC_WEAK = YES;
				CLANG_WARN_BLOCK_CAPTURE_AUTORELEASING = YES;
				CLANG_WARN_BOOL_CONVERSION = YES;
				CLANG_WARN_COMMA = YES;
				CLANG_WARN_CONSTANT_CONVERSION = YES;
				CLANG_WARN_DEPRECATED_OBJC_IMPLEMENTATIONS = YES;
				CLANG_WARN_DIRECT_OBJC_ISA_USAGE = YES_ERROR;
				CLANG_WARN_DOCUMENTATION_COMMENTS = YES;
				CLANG_WARN_EMPTY_BODY = YES;
				CLANG_WARN_ENUM_CONVERSION = YES;
				CLANG_WARN_INFINITE_RECURSION = YES;
				CLANG_WARN_INT_CONVERSION = YES;
				CLANG_WARN_NON_LITERAL_NULL_CONVERSION = YES;
				CLANG_WARN_OBJC_IMPLICIT_RETAIN_SELF = YES;
				CLANG_WARN_OBJC_LITERAL_CONVERSION = YES;
				CLANG_WARN_OBJC_ROOT_CLASS = YES_ERROR;
				CLANG_WARN_QUOTED_INCLUDE_IN_FRAMEWORK_HEADER = YES;
				CLANG_WARN_RANGE_LOOP_ANALYSIS = YES;
				CLANG_WARN_STRICT_PROTOTYPES = YES;
				CLANG_WARN_SUSPICIOUS_MOVE = YES;
				CLANG_WARN_UNGUARDED_AVAILABILITY = YES_AGGRESSIVE;
				CLANG_WARN_UNREACHABLE_CODE = YES;
				CLANG_WARN__DUPLICATE_METHOD_MATCH = YES;
				COPY_PHASE_STRIP = NO;
				DEBUG_INFORMATION_FORMAT = dwarf;
				ENABLE_STRICT_OBJC_MSGSEND = YES;
				ENABLE_TESTABILITY = YES;
				ENABLE_USER_SCRIPT_SANDBOXING = NO;
				GCC_C_LANGUAGE_STANDARD = gnu17;
				GCC_DYNAMIC_NO_PIC = NO;
				GCC_NO_COMMON_BLOCKS = YES;
				GCC_OPTIMIZATION_LEVEL = 0;
				GCC_PREPROCESSOR_DEFINITIONS = (
					"DEBUG=1",
					"$(inherited)",
				);
				GCC_WARN_64_TO_32_BIT_CONVERSION = YES;
				GCC_WARN_ABOUT_RETURN_TYPE = YES_ERROR;
				GCC_WARN_UNDECLARED_SELECTOR = YES;
				GCC_WARN_UNINITIALIZED_AUTOS = YES_AGGRESSIVE;
				GCC_WARN_UNUSED_FUNCTION = YES;
				GCC_WARN_UNUSED_VARIABLE = YES;
				IPHONEOS_DEPLOYMENT_TARGET = 17.2;
				LOCALIZATION_PREFERS_STRING_CATALOGS = YES;
				MTL_ENABLE_DEBUG_INFO = INCLUDE_SOURCE;
				MTL_FAST_MATH = YES;
				ONLY_ACTIVE_ARCH = YES;
				SDKROOT = iphoneos;
				SWIFT_ACTIVE_COMPILATION_CONDITIONS = "DEBUG $(inherited)";
				SWIFT_OPTIMIZATION_LEVEL = "-Onone";
			};
			name = Debug;
		};
		3A146E172B962DC500DD0EC2 /* Release */ = {
			isa = XCBuildConfiguration;
			buildSettings = {
				ALWAYS_SEARCH_USER_PATHS = NO;
				ASSETCATALOG_COMPILER_GENERATE_SWIFT_ASSET_SYMBOL_EXTENSIONS = YES;
				CLANG_ANALYZER_NONNULL = YES;
				CLANG_ANALYZER_NUMBER_OBJECT_CONVERSION = YES_AGGRESSIVE;
				CLANG_CXX_LANGUAGE_STANDARD = "gnu++20";
				CLANG_ENABLE_MODULES = YES;
				CLANG_ENABLE_OBJC_ARC = YES;
				CLANG_ENABLE_OBJC_WEAK = YES;
				CLANG_WARN_BLOCK_CAPTURE_AUTORELEASING = YES;
				CLANG_WARN_BOOL_CONVERSION = YES;
				CLANG_WARN_COMMA = YES;
				CLANG_WARN_CONSTANT_CONVERSION = YES;
				CLANG_WARN_DEPRECATED_OBJC_IMPLEMENTATIONS = YES;
				CLANG_WARN_DIRECT_OBJC_ISA_USAGE = YES_ERROR;
				CLANG_WARN_DOCUMENTATION_COMMENTS = YES;
				CLANG_WARN_EMPTY_BODY = YES;
				CLANG_WARN_ENUM_CONVERSION = YES;
				CLANG_WARN_INFINITE_RECURSION = YES;
				CLANG_WARN_INT_CONVERSION = YES;
				CLANG_WARN_NON_LITERAL_NULL_CONVERSION = YES;
				CLANG_WARN_OBJC_IMPLICIT_RETAIN_SELF = YES;
				CLANG_WARN_OBJC_LITERAL_CONVERSION = YES;
				CLANG_WARN_OBJC_ROOT_CLASS = YES_ERROR;
				CLANG_WARN_QUOTED_INCLUDE_IN_FRAMEWORK_HEADER = YES;
				CLANG_WARN_RANGE_LOOP_ANALYSIS = YES;
				CLANG_WARN_STRICT_PROTOTYPES = YES;
				CLANG_WARN_SUSPICIOUS_MOVE = YES;
				CLANG_WARN_UNGUARDED_AVAILABILITY = YES_AGGRESSIVE;
				CLANG_WARN_UNREACHABLE_CODE = YES;
				CLANG_WARN__DUPLICATE_METHOD_MATCH = YES;
				COPY_PHASE_STRIP = NO;
				DEBUG_INFORMATION_FORMAT = "dwarf-with-dsym";
				ENABLE_NS_ASSERTIONS = NO;
				ENABLE_STRICT_OBJC_MSGSEND = YES;
				ENABLE_USER_SCRIPT_SANDBOXING = NO;
				GCC_C_LANGUAGE_STANDARD = gnu17;
				GCC_NO_COMMON_BLOCKS = YES;
				GCC_WARN_64_TO_32_BIT_CONVERSION = YES;
				GCC_WARN_ABOUT_RETURN_TYPE = YES_ERROR;
				GCC_WARN_UNDECLARED_SELECTOR = YES;
				GCC_WARN_UNINITIALIZED_AUTOS = YES_AGGRESSIVE;
				GCC_WARN_UNUSED_FUNCTION = YES;
				GCC_WARN_UNUSED_VARIABLE = YES;
				IPHONEOS_DEPLOYMENT_TARGET = 17.2;
				LOCALIZATION_PREFERS_STRING_CATALOGS = YES;
				MTL_ENABLE_DEBUG_INFO = NO;
				MTL_FAST_MATH = YES;
				SDKROOT = iphoneos;
				SWIFT_COMPILATION_MODE = wholemodule;
				VALIDATE_PRODUCT = YES;
			};
			name = Release;
		};
		3A146E192B962DC500DD0EC2 /* Debug */ = {
			isa = XCBuildConfiguration;
			baseConfigurationReference = 74F3BA86DDC3D6AB845B6FFD /* Pods-InstagramClone-Firebase.debug.xcconfig */;
			buildSettings = {
				ASSETCATALOG_COMPILER_APPICON_NAME = AppIcon;
				ASSETCATALOG_COMPILER_GLOBAL_ACCENT_COLOR_NAME = AccentColor;
				CODE_SIGN_STYLE = Automatic;
				CURRENT_PROJECT_VERSION = 1;
				GENERATE_INFOPLIST_FILE = YES;
				INFOPLIST_FILE = "InstagramClone-Firebase/Info.plist";
				INFOPLIST_KEY_UIApplicationSupportsIndirectInputEvents = YES;
				INFOPLIST_KEY_UILaunchStoryboardName = LaunchScreen;
				INFOPLIST_KEY_UIMainStoryboardFile = Main;
				INFOPLIST_KEY_UISupportedInterfaceOrientations_iPad = "UIInterfaceOrientationPortrait UIInterfaceOrientationPortraitUpsideDown UIInterfaceOrientationLandscapeLeft UIInterfaceOrientationLandscapeRight";
				INFOPLIST_KEY_UISupportedInterfaceOrientations_iPhone = "UIInterfaceOrientationPortrait UIInterfaceOrientationLandscapeLeft UIInterfaceOrientationLandscapeRight";
				LD_RUNPATH_SEARCH_PATHS = (
					"$(inherited)",
					"@executable_path/Frameworks",
				);
				MARKETING_VERSION = 1.0;
				PRODUCT_BUNDLE_IDENTIFIER = "ejder.com.InstagramClone-Firebase";
				PRODUCT_NAME = "$(TARGET_NAME)";
				SWIFT_EMIT_LOC_STRINGS = YES;
				SWIFT_VERSION = 5.0;
				TARGETED_DEVICE_FAMILY = "1,2";
			};
			name = Debug;
		};
		3A146E1A2B962DC500DD0EC2 /* Release */ = {
			isa = XCBuildConfiguration;
			baseConfigurationReference = CB222545DDFA8F1044A2F326 /* Pods-InstagramClone-Firebase.release.xcconfig */;
			buildSettings = {
				ASSETCATALOG_COMPILER_APPICON_NAME = AppIcon;
				ASSETCATALOG_COMPILER_GLOBAL_ACCENT_COLOR_NAME = AccentColor;
				CODE_SIGN_STYLE = Automatic;
				CURRENT_PROJECT_VERSION = 1;
				GENERATE_INFOPLIST_FILE = YES;
				INFOPLIST_FILE = "InstagramClone-Firebase/Info.plist";
				INFOPLIST_KEY_UIApplicationSupportsIndirectInputEvents = YES;
				INFOPLIST_KEY_UILaunchStoryboardName = LaunchScreen;
				INFOPLIST_KEY_UIMainStoryboardFile = Main;
				INFOPLIST_KEY_UISupportedInterfaceOrientations_iPad = "UIInterfaceOrientationPortrait UIInterfaceOrientationPortraitUpsideDown UIInterfaceOrientationLandscapeLeft UIInterfaceOrientationLandscapeRight";
				INFOPLIST_KEY_UISupportedInterfaceOrientations_iPhone = "UIInterfaceOrientationPortrait UIInterfaceOrientationLandscapeLeft UIInterfaceOrientationLandscapeRight";
				LD_RUNPATH_SEARCH_PATHS = (
					"$(inherited)",
					"@executable_path/Frameworks",
				);
				MARKETING_VERSION = 1.0;
				PRODUCT_BUNDLE_IDENTIFIER = "ejder.com.InstagramClone-Firebase";
				PRODUCT_NAME = "$(TARGET_NAME)";
				SWIFT_EMIT_LOC_STRINGS = YES;
				SWIFT_VERSION = 5.0;
				TARGETED_DEVICE_FAMILY = "1,2";
			};
			name = Release;
		};
/* End XCBuildConfiguration section */

/* Begin XCConfigurationList section */
		3A146DFF2B962DC400DD0EC2 /* Build configuration list for PBXProject "InstagramClone-Firebase" */ = {
			isa = XCConfigurationList;
			buildConfigurations = (
				3A146E162B962DC500DD0EC2 /* Debug */,
				3A146E172B962DC500DD0EC2 /* Release */,
			);
			defaultConfigurationIsVisible = 0;
			defaultConfigurationName = Release;
		};
		3A146E182B962DC500DD0EC2 /* Build configuration list for PBXNativeTarget "InstagramClone-Firebase" */ = {
			isa = XCConfigurationList;
			buildConfigurations = (
				3A146E192B962DC500DD0EC2 /* Debug */,
				3A146E1A2B962DC500DD0EC2 /* Release */,
			);
			defaultConfigurationIsVisible = 0;
			defaultConfigurationName = Release;
		};
/* End XCConfigurationList section */
	};
	rootObject = 3A146DFC2B962DC400DD0EC2 /* Project object */;
}
